
Microsoft Visual Studio Solution File, Format Version 12.00
# Visual Studio 15
VisualStudioVersion = 15.0.27130.2027
MinimumVisualStudioVersion = 10.0.40219.1
Project("{FAE04EC0-301F-11D3-BF4B-00C04F79EFBC}") = "SoftwareUpdater", "SoftwareUpdater\SoftwareUpdater.csproj", "{D45E05B6-5848-4305-B0F2-CAE428E01D2A}"
EndProject
Global
	GlobalSection(SolutionConfigurationPlatforms) = preSolution
		Debug|Any CPU = Debug|Any CPU
		Release|Any CPU = Release|Any CPU
	EndGlobalSection
	GlobalSection(ProjectConfigurationPlatforms) = postSolution
		{D45E05B6-5848-4305-B0F2-CAE428E01D2A}.Debug|Any CPU.ActiveCfg = Debug|Any CPU
		{D45E05B6-5848-4305-B0F2-CAE428E01D2A}.Debug|Any CPU.Build.0 = Debug|Any CPU
		{D45E05B6-5848-4305-B0F2-CAE428E01D2A}.Release|Any CPU.ActiveCfg = Release|Any CPU
		{D45E05B6-5848-4305-B0F2-CAE428E01D2A}.Release|Any CPU.Build.0 = Release|Any CPU
	EndGlobalSection
	GlobalSection(SolutionProperties) = preSolution
		HideSolutionNode = FALSE
	EndGlobalSection
	GlobalSection(ExtensibilityGlobals) = postSolution
		SolutionGuid = {0BFCB3EE-425E-42B1-9033-9F424BE649C6}
	EndGlobalSection
EndGlobal
